
Microsoft Visual Studio Solution File, Format Version 12.00
# Visual Studio Version 16
VisualStudioVersion = 16.0.29926.136
MinimumVisualStudioVersion = 10.0.40219.1
Project("{FAE04EC0-301F-11D3-BF4B-00C04F79EFBC}") = "eShopSolution.WebApp", "eShopSolution.WebApp\eShopSolution.WebApp.csproj", "{EC74DDDC-9729-4CA1-ADD4-2AFC7E5E65B3}"
EndProject
Global
	GlobalSection(SolutionConfigurationPlatforms) = preSolution
		Debug|Any CPU = Debug|Any CPU
		Release|Any CPU = Release|Any CPU
	EndGlobalSection
	GlobalSection(ProjectConfigurationPlatforms) = postSolution
		{EC74DDDC-9729-4CA1-ADD4-2AFC7E5E65B3}.Debug|Any CPU.ActiveCfg = Debug|Any CPU
		{EC74DDDC-9729-4CA1-ADD4-2AFC7E5E65B3}.Debug|Any CPU.Build.0 = Debug|Any CPU
		{EC74DDDC-9729-4CA1-ADD4-2AFC7E5E65B3}.Release|Any CPU.ActiveCfg = Release|Any CPU
		{EC74DDDC-9729-4CA1-ADD4-2AFC7E5E65B3}.Release|Any CPU.Build.0 = Release|Any CPU
	EndGlobalSection
	GlobalSection(SolutionProperties) = preSolution
		HideSolutionNode = FALSE
	EndGlobalSection
	GlobalSection(ExtensibilityGlobals) = postSolution
		SolutionGuid = {436FA628-958D-4157-8D8A-B7FF231490B7}
	EndGlobalSection
EndGlobal
